// !$*UTF8*$!
{
	archiveVersion = 1;
	classes = {
	};
	objectVersion = 77;
	objects = {

/* Begin PBXBuildFile section */
		091AB9552F69597C000BDBC3 /* page2markdown Extension.appex in Embed Foundation Extensions */ = {isa = PBXBuildFile; fileRef = 091AB9542F69597C000BDBC3 /* page2markdown Extension.appex */; settings = {ATTRIBUTES = (RemoveHeadersOnCopy, ); }; };
/* End PBXBuildFile section */

/* Begin PBXContainerItemProxy section */
		091AB93F2F69597C000BDBC3 /* PBXContainerItemProxy */ = {
			isa = PBXContainerItemProxy;
			containerPortal = 091AB91C2F695979000BDBC3 /* Project object */;
			proxyType = 1;
			remoteGlobalIDString = 091AB9232F695979000BDBC3;
			remoteInfo = page2markdown;
		};
		091AB9492F69597C000BDBC3 /* PBXContainerItemProxy */ = {
			isa = PBXContainerItemProxy;
			containerPortal = 091AB91C2F695979000BDBC3 /* Project object */;
			proxyType = 1;
			remoteGlobalIDString = 091AB9232F695979000BDBC3;
			remoteInfo = page2markdown;
		};
		091AB9562F69597C000BDBC3 /* PBXContainerItemProxy */ = {
			isa = PBXContainerItemProxy;
			containerPortal = 091AB91C2F695979000BDBC3 /* Project object */;
			proxyType = 1;
			remoteGlobalIDString = 091AB9532F69597C000BDBC3;
			remoteInfo = "page2markdown Extension";
		};
/* End PBXContainerItemProxy section */

/* Begin PBXCopyFilesBuildPhase section */
		091AB9732F69597C000BDBC3 /* Embed Foundation Extensions */ = {
			isa = PBXCopyFilesBuildPhase;
			buildActionMask = 2147483647;
			dstPath = "";
			dstSubfolderSpec = 13;
			files = (
				091AB9552F69597C000BDBC3 /* page2markdown Extension.appex in Embed Foundation Extensions */,
			);
			name = "Embed Foundation Extensions";
			runOnlyForDeploymentPostprocessing = 0;
		};
/* End PBXCopyFilesBuildPhase section */

/* Begin PBXFileReference section */
		091AB9242F695979000BDBC3 /* page2markdown.app */ = {isa = PBXFileReference; explicitFileType = wrapper.application; includeInIndex = 0; path = page2markdown.app; sourceTree = BUILT_PRODUCTS_DIR; };
		091AB93E2F69597C000BDBC3 /* page2markdownTests.xctest */ = {isa = PBXFileReference; explicitFileType = wrapper.cfbundle; includeInIndex = 0; path = page2markdownTests.xctest; sourceTree = BUILT_PRODUCTS_DIR; };
		091AB9482F69597C000BDBC3 /* page2markdownUITests.xctest */ = {isa = PBXFileReference; explicitFileType = wrapper.cfbundle; includeInIndex = 0; path = page2markdownUITests.xctest; sourceTree = BUILT_PRODUCTS_DIR; };
		091AB9542F69597C000BDBC3 /* page2markdown Extension.appex */ = {isa = PBXFileReference; explicitFileType = "wrapper.app-extension"; includeInIndex = 0; path = "page2markdown Extension.appex"; sourceTree = BUILT_PRODUCTS_DIR; };
/* End PBXFileReference section */

/* Begin PBXFileSystemSynchronizedBuildFileExceptionSet section */
		091AB96D2F69597C000BDBC3 /* Exceptions for "page2markdown Extension" folder in "page2markdown Extension" target */ = {
			isa = PBXFileSystemSynchronizedBuildFileExceptionSet;
			membershipExceptions = (
				Info.plist,
			);
			target = 091AB9532F69597C000BDBC3 /* page2markdown Extension */;
		};
/* End PBXFileSystemSynchronizedBuildFileExceptionSet section */

/* Begin PBXFileSystemSynchronizedRootGroup section */
		091AB9262F695979000BDBC3 /* page2markdown */ = {
			isa = PBXFileSystemSynchronizedRootGroup;
			path = page2markdown;
			sourceTree = "<group>";
		};
		091AB9412F69597C000BDBC3 /* page2markdownTests */ = {
			isa = PBXFileSystemSynchronizedRootGroup;
			path = page2markdownTests;
			sourceTree = "<group>";
		};
		091AB94B2F69597C000BDBC3 /* page2markdownUITests */ = {
			isa = PBXFileSystemSynchronizedRootGroup;
			path = page2markdownUITests;
			sourceTree = "<group>";
		};
		091AB9582F69597C000BDBC3 /* page2markdown Extension */ = {
			isa = PBXFileSystemSynchronizedRootGroup;
			exceptions = (
				091AB96D2F69597C000BDBC3 /* Exceptions for "page2markdown Extension" folder in "page2markdown Extension" target */,
			);
			explicitFolders = (
				Resources/_locales,
				Resources/images,
			);
			path = "page2markdown Extension";
			sourceTree = "<group>";
		};
/* End PBXFileSystemSynchronizedRootGroup section */

/* Begin PBXFrameworksBuildPhase section */
		091AB9212F695979000BDBC3 /* Frameworks */ = {
			isa = PBXFrameworksBuildPhase;
			buildActionMask = 2147483647;
			files = (
			);
			runOnlyForDeploymentPostprocessing = 0;
		};
		091AB93B2F69597C000BDBC3 /* Frameworks */ = {
			isa = PBXFrameworksBuildPhase;
			buildActionMask = 2147483647;
			files = (
			);
			runOnlyForDeploymentPostprocessing = 0;
		};
		091AB9452F69597C000BDBC3 /* Frameworks */ = {
			isa = PBXFrameworksBuildPhase;
			buildActionMask = 2147483647;
			files = (
			);
			runOnlyForDeploymentPostprocessing = 0;
		};
		091AB9512F69597C000BDBC3 /* Frameworks */ = {
			isa = PBXFrameworksBuildPhase;
			buildActionMask = 2147483647;
			files = (
			);
			runOnlyForDeploymentPostprocessing = 0;
		};
/* End PBXFrameworksBuildPhase section */

/* Begin PBXGroup section */
		091AB91B2F695979000BDBC3 = {
			isa = PBXGroup;
			children = (
				091AB9262F695979000BDBC3 /* page2markdown */,
				091AB9412F69597C000BDBC3 /* page2markdownTests */,
				091AB94B2F69597C000BDBC3 /* page2markdownUITests */,
				091AB9582F69597C000BDBC3 /* page2markdown Extension */,
				091AB9252F695979000BDBC3 /* Products */,
			);
			sourceTree = "<group>";
		};
		091AB9252F695979000BDBC3 /* Products */ = {
			isa = PBXGroup;
			children = (
				091AB9242F695979000BDBC3 /* page2markdown.app */,
				091AB93E2F69597C000BDBC3 /* page2markdownTests.xctest */,
				091AB9482F69597C000BDBC3 /* page2markdownUITests.xctest */,
				091AB9542F69597C000BDBC3 /* page2markdown Extension.appex */,
			);
			name = Products;
			sourceTree = "<group>";
		};
/* End PBXGroup section */

/* Begin PBXNativeTarget section */
		091AB9232F695979000BDBC3 /* page2markdown */ = {
			isa = PBXNativeTarget;
			buildConfigurationList = 091AB9742F69597C000BDBC3 /* Build configuration list for PBXNativeTarget "page2markdown" */;
			buildPhases = (
				091AB9202F695979000BDBC3 /* Sources */,
				091AB9212F695979000BDBC3 /* Frameworks */,
				091AB9222F695979000BDBC3 /* Resources */,
				091AB9732F69597C000BDBC3 /* Embed Foundation Extensions */,
			);
			buildRules = (
			);
			dependencies = (
				091AB9572F69597C000BDBC3 /* PBXTargetDependency */,
			);
			fileSystemSynchronizedGroups = (
				091AB9262F695979000BDBC3 /* page2markdown */,
			);
			name = page2markdown;
			packageProductDependencies = (
			);
			productName = page2markdown;
			productReference = 091AB9242F695979000BDBC3 /* page2markdown.app */;
			productType = "com.apple.product-type.application";
		};
		091AB93D2F69597C000BDBC3 /* page2markdownTests */ = {
			isa = PBXNativeTarget;
			buildConfigurationList = 091AB9772F69597C000BDBC3 /* Build configuration list for PBXNativeTarget "page2markdownTests" */;
			buildPhases = (
				091AB93A2F69597C000BDBC3 /* Sources */,
				091AB93B2F69597C000BDBC3 /* Frameworks */,
				091AB93C2F69597C000BDBC3 /* Resources */,
			);
			buildRules = (
			);
			dependencies = (
				091AB9402F69597C000BDBC3 /* PBXTargetDependency */,
			);
			fileSystemSynchronizedGroups = (
				091AB9412F69597C000BDBC3 /* page2markdownTests */,
			);
			name = page2markdownTests;
			packageProductDependencies = (
			);
			productName = page2markdownTests;
			productReference = 091AB93E2F69597C000BDBC3 /* page2markdownTests.xctest */;
			productType = "com.apple.product-type.bundle.unit-test";
		};
		091AB9472F69597C000BDBC3 /* page2markdownUITests */ = {
			isa = PBXNativeTarget;
			buildConfigurationList = 091AB97A2F69597C000BDBC3 /* Build configuration list for PBXNativeTarget "page2markdownUITests" */;
			buildPhases = (
				091AB9442F69597C000BDBC3 /* Sources */,
				091AB9452F69597C000BDBC3 /* Frameworks */,
				091AB9462F69597C000BDBC3 /* Resources */,
			);
			buildRules = (
			);
			dependencies = (
				091AB94A2F69597C000BDBC3 /* PBXTargetDependency */,
			);
			fileSystemSynchronizedGroups = (
				091AB94B2F69597C000BDBC3 /* page2markdownUITests */,
			);
			name = page2markdownUITests;
			packageProductDependencies = (
			);
			productName = page2markdownUITests;
			productReference = 091AB9482F69597C000BDBC3 /* page2markdownUITests.xctest */;
			productType = "com.apple.product-type.bundle.ui-testing";
		};
		091AB9532F69597C000BDBC3 /* page2markdown Extension */ = {
			isa = PBXNativeTarget;
			buildConfigurationList = 091AB96E2F69597C000BDBC3 /* Build configuration list for PBXNativeTarget "page2markdown Extension" */;
			buildPhases = (
				091AB9502F69597C000BDBC3 /* Sources */,
				091AB9512F69597C000BDBC3 /* Frameworks */,
				091AB9522F69597C000BDBC3 /* Resources */,
			);
			buildRules = (
			);
			dependencies = (
			);
			fileSystemSynchronizedGroups = (
				091AB9582F69597C000BDBC3 /* page2markdown Extension */,
			);
			name = "page2markdown Extension";
			packageProductDependencies = (
			);
			productName = "page2markdown Extension";
			productReference = 091AB9542F69597C000BDBC3 /* page2markdown Extension.appex */;
			productType = "com.apple.product-type.app-extension";
		};
/* End PBXNativeTarget section */

/* Begin PBXProject section */
		091AB91C2F695979000BDBC3 /* Project object */ = {
			isa = PBXProject;
			attributes = {
				BuildIndependentTargetsInParallel = 1;
				LastSwiftUpdateCheck = 2630;
				LastUpgradeCheck = 2630;
				TargetAttributes = {
					091AB9232F695979000BDBC3 = {
						CreatedOnToolsVersion = 26.3;
					};
					091AB93D2F69597C000BDBC3 = {
						CreatedOnToolsVersion = 26.3;
						TestTargetID = 091AB9232F695979000BDBC3;
					};
					091AB9472F69597C000BDBC3 = {
						CreatedOnToolsVersion = 26.3;
						TestTargetID = 091AB9232F695979000BDBC3;
					};
					091AB9532F69597C000BDBC3 = {
						CreatedOnToolsVersion = 26.3;
					};
				};
			};
			buildConfigurationList = 091AB91F2F695979000BDBC3 /* Build configuration list for PBXProject "page2markdown" */;
			developmentRegion = en;
			hasScannedForEncodings = 0;
			knownRegions = (
				en,
				Base,
			);
			mainGroup = 091AB91B2F695979000BDBC3;
			minimizedProjectReferenceProxies = 1;
			preferredProjectObjectVersion = 77;
			productRefGroup = 091AB9252F695979000BDBC3 /* Products */;
			projectDirPath = "";
			projectRoot = "";
			targets = (
				091AB9232F695979000BDBC3 /* page2markdown */,
				091AB93D2F69597C000BDBC3 /* page2markdownTests */,
				091AB9472F69597C000BDBC3 /* page2markdownUITests */,
				091AB9532F69597C000BDBC3 /* page2markdown Extension */,
			);
		};
/* End PBXProject section */

/* Begin PBXResourcesBuildPhase section */
		091AB9222F695979000BDBC3 /* Resources */ = {
			isa = PBXResourcesBuildPhase;
			buildActionMask = 2147483647;
			files = (
			);
			runOnlyForDeploymentPostprocessing = 0;
		};
		091AB93C2F69597C000BDBC3 /* Resources */ = {
			isa = PBXResourcesBuildPhase;
			buildActionMask = 2147483647;
			files = (
			);
			runOnlyForDeploymentPostprocessing = 0;
		};
		091AB9462F69597C000BDBC3 /* Resources */ = {
			isa = PBXResourcesBuildPhase;
			buildActionMask = 2147483647;
			files = (
			);
			runOnlyForDeploymentPostprocessing = 0;
		};
		091AB9522F69597C000BDBC3 /* Resources */ = {
			isa = PBXResourcesBuildPhase;
			buildActionMask = 2147483647;
			files = (
			);
			runOnlyForDeploymentPostprocessing = 0;
		};
/* End PBXResourcesBuildPhase section */

/* Begin PBXSourcesBuildPhase section */
		091AB9202F695979000BDBC3 /* Sources */ = {
			isa = PBXSourcesBuildPhase;
			buildActionMask = 2147483647;
			files = (
			);
			runOnlyForDeploymentPostprocessing = 0;
		};
		091AB93A2F69597C000BDBC3 /* Sources */ = {
			isa = PBXSourcesBuildPhase;
			buildActionMask = 2147483647;
			files = (
			);
			runOnlyForDeploymentPostprocessing = 0;
		};
		091AB9442F69597C000BDBC3 /* Sources */ = {
			isa = PBXSourcesBuildPhase;
			buildActionMask = 2147483647;
			files = (
			);
			runOnlyForDeploymentPostprocessing = 0;
		};
		091AB9502F69597C000BDBC3 /* Sources */ = {
			isa = PBXSourcesBuildPhase;
			buildActionMask = 2147483647;
			files = (
			);
			runOnlyForDeploymentPostprocessing = 0;
		};
/* End PBXSourcesBuildPhase section */

/* Begin PBXTargetDependency section */
		091AB9402F69597C000BDBC3 /* PBXTargetDependency */ = {
			isa = PBXTargetDependency;
			target = 091AB9232F695979000BDBC3 /* page2markdown */;
			targetProxy = 091AB93F2F69597C000BDBC3 /* PBXContainerItemProxy */;
		};
		091AB94A2F69597C000BDBC3 /* PBXTargetDependency */ = {
			isa = PBXTargetDependency;
			target = 091AB9232F695979000BDBC3 /* page2markdown */;
			targetProxy = 091AB9492F69597C000BDBC3 /* PBXContainerItemProxy */;
		};
		091AB9572F69597C000BDBC3 /* PBXTargetDependency */ = {
			isa = PBXTargetDependency;
			target = 091AB9532F69597C000BDBC3 /* page2markdown Extension */;
			targetProxy = 091AB9562F69597C000BDBC3 /* PBXContainerItemProxy */;
		};
/* End PBXTargetDependency section */

/* Begin XCBuildConfiguration section */
		091AB96F2F69597C000BDBC3 /* Debug */ = {
			isa = XCBuildConfiguration;
			buildSettings = {
				CODE_SIGN_STYLE = Automatic;
				CURRENT_PROJECT_VERSION = 1;
				ENABLE_APP_SANDBOX = YES;
				ENABLE_HARDENED_RUNTIME = YES;
				ENABLE_USER_SELECTED_FILES = readonly;
				GENERATE_INFOPLIST_FILE = YES;
				INFOPLIST_FILE = "page2markdown Extension/Info.plist";
				INFOPLIST_KEY_CFBundleDisplayName = "page2markdown Extension";
				INFOPLIST_KEY_NSHumanReadableCopyright = "";
				LD_RUNPATH_SEARCH_PATHS = (
					"$(inherited)",
					"@executable_path/../Frameworks",
					"@executable_path/../../../../Frameworks",
				);
				MACOSX_DEPLOYMENT_TARGET = 10.14;
				MARKETING_VERSION = 1.0;
				OTHER_LDFLAGS = (
					"-framework",
					SafariServices,
				);
				PRODUCT_BUNDLE_IDENTIFIER = uk.uther.page2markdown.Extension;
				PRODUCT_NAME = "$(TARGET_NAME)";
				SKIP_INSTALL = YES;
				STRING_CATALOG_GENERATE_SYMBOLS = YES;
				SWIFT_APPROACHABLE_CONCURRENCY = YES;
				SWIFT_EMIT_LOC_STRINGS = YES;
				SWIFT_UPCOMING_FEATURE_MEMBER_IMPORT_VISIBILITY = YES;
				SWIFT_VERSION = 5.0;
			};
			name = Debug;
		};
		091AB9702F69597C000BDBC3 /* Release */ = {
			isa = XCBuildConfiguration;
			buildSettings = {
				CODE_SIGN_STYLE = Automatic;
				CURRENT_PROJECT_VERSION = 1;
				ENABLE_APP_SANDBOX = YES;
				ENABLE_HARDENED_RUNTIME = YES;
				ENABLE_USER_SELECTED_FILES = readonly;
				GENERATE_INFOPLIST_FILE = YES;
				INFOPLIST_FILE = "page2markdown Extension/Info.plist";
				INFOPLIST_KEY_CFBundleDisplayName = "page2markdown Extension";
				INFOPLIST_KEY_NSHumanReadableCopyright = "";
				LD_RUNPATH_SEARCH_PATHS = (
					"$(inherited)",
					"@executable_path/../Frameworks",
					"@executable_path/../../../../Frameworks",
				);
				MACOSX_DEPLOYMENT_TARGET = 10.14;
				MARKETING_VERSION = 1.0;
				OTHER_LDFLAGS = (
					"-framework",
					SafariServices,
				);
				PRODUCT_BUNDLE_IDENTIFIER = uk.uther.page2markdown.Extension;
				PRODUCT_NAME = "$(TARGET_NAME)";
				SKIP_INSTALL = YES;
				STRING_CATALOG_GENERATE_SYMBOLS = YES;
				SWIFT_APPROACHABLE_CONCURRENCY = YES;
				SWIFT_EMIT_LOC_STRINGS = YES;
				SWIFT_UPCOMING_FEATURE_MEMBER_IMPORT_VISIBILITY = YES;
				SWIFT_VERSION = 5.0;
			};
			name = Release;
		};
		091AB9712F69597C000BDBC3 /* Debug */ = {
			isa = XCBuildConfiguration;
			buildSettings = {
				ALWAYS_SEARCH_USER_PATHS = NO;
				ASSETCATALOG_COMPILER_GENERATE_SWIFT_ASSET_SYMBOL_EXTENSIONS = YES;
				CLANG_ANALYZER_NONNULL = YES;
				CLANG_ANALYZER_NUMBER_OBJECT_CONVERSION = YES_AGGRESSIVE;
				CLANG_CXX_LANGUAGE_STANDARD = "gnu++20";
				CLANG_ENABLE_MODULES = YES;
				CLANG_ENABLE_OBJC_ARC = YES;
				CLANG_ENABLE_OBJC_WEAK = YES;
				CLANG_WARN_BLOCK_CAPTURE_AUTORELEASING = YES;
				CLANG_WARN_BOOL_CONVERSION = YES;
				CLANG_WARN_COMMA = YES;
				CLANG_WARN_CONSTANT_CONVERSION = YES;
				CLANG_WARN_DEPRECATED_OBJC_IMPLEMENTATIONS = YES;
				CLANG_WARN_DIRECT_OBJC_ISA_USAGE = YES_ERROR;
				CLANG_WARN_DOCUMENTATION_COMMENTS = YES;
				CLANG_WARN_EMPTY_BODY = YES;
				CLANG_WARN_ENUM_CONVERSION = YES;
				CLANG_WARN_INFINITE_RECURSION = YES;
				CLANG_WARN_INT_CONVERSION = YES;
				CLANG_WARN_NON_LITERAL_NULL_CONVERSION = YES;
				CLANG_WARN_OBJC_IMPLICIT_RETAIN_SELF = YES;
				CLANG_WARN_OBJC_LITERAL_CONVERSION = YES;
				CLANG_WARN_OBJC_ROOT_CLASS = YES_ERROR;
				CLANG_WARN_QUOTED_INCLUDE_IN_FRAMEWORK_HEADER = YES;
				CLANG_WARN_RANGE_LOOP_ANALYSIS = YES;
				CLANG_WARN_STRICT_PROTOTYPES = YES;
				CLANG_WARN_SUSPICIOUS_MOVE = YES;
				CLANG_WARN_UNGUARDED_AVAILABILITY = YES_AGGRESSIVE;
				CLANG_WARN_UNREACHABLE_CODE = YES;
				CLANG_WARN__DUPLICATE_METHOD_MATCH = YES;
				COPY_PHASE_STRIP = NO;
				DEBUG_INFORMATION_FORMAT = dwarf;
				ENABLE_STRICT_OBJC_MSGSEND = YES;
				ENABLE_TESTABILITY = YES;
				ENABLE_USER_SCRIPT_SANDBOXING = YES;
				GCC_C_LANGUAGE_STANDARD = gnu17;
				GCC_DYNAMIC_NO_PIC = NO;
				GCC_NO_COMMON_BLOCKS = YES;
				GCC_OPTIMIZATION_LEVEL = 0;
				GCC_PREPROCESSOR_DEFINITIONS = (
					"DEBUG=1",
					"$(inherited)",
				);
				GCC_WARN_64_TO_32_BIT_CONVERSION = YES;
				GCC_WARN_ABOUT_RETURN_TYPE = YES_ERROR;
				GCC_WARN_UNDECLARED_SELECTOR = YES;
				GCC_WARN_UNINITIALIZED_AUTOS = YES_AGGRESSIVE;
				GCC_WARN_UNUSED_FUNCTION = YES;
				GCC_WARN_UNUSED_VARIABLE = YES;
				LOCALIZATION_PREFERS_STRING_CATALOGS = YES;
				MACOSX_DEPLOYMENT_TARGET = 26.2;
				MTL_ENABLE_DEBUG_INFO = INCLUDE_SOURCE;
				MTL_FAST_MATH = YES;
				ONLY_ACTIVE_ARCH = YES;
				SDKROOT = macosx;
				SWIFT_ACTIVE_COMPILATION_CONDITIONS = "DEBUG $(inherited)";
				SWIFT_OPTIMIZATION_LEVEL = "-Onone";
			};
			name = Debug;
		};
		091AB9722F69597C000BDBC3 /* Release */ = {
			isa = XCBuildConfiguration;
			buildSettings = {
				ALWAYS_SEARCH_USER_PATHS = NO;
				ASSETCATALOG_COMPILER_GENERATE_SWIFT_ASSET_SYMBOL_EXTENSIONS = YES;
				CLANG_ANALYZER_NONNULL = YES;
				CLANG_ANALYZER_NUMBER_OBJECT_CONVERSION = YES_AGGRESSIVE;
				CLANG_CXX_LANGUAGE_STANDARD = "gnu++20";
				CLANG_ENABLE_MODULES = YES;
				CLANG_ENABLE_OBJC_ARC = YES;
				CLANG_ENABLE_OBJC_WEAK = YES;
				CLANG_WARN_BLOCK_CAPTURE_AUTORELEASING = YES;
				CLANG_WARN_BOOL_CONVERSION = YES;
				CLANG_WARN_COMMA = YES;
				CLANG_WARN_CONSTANT_CONVERSION = YES;
				CLANG_WARN_DEPRECATED_OBJC_IMPLEMENTATIONS = YES;
				CLANG_WARN_DIRECT_OBJC_ISA_USAGE = YES_ERROR;
				CLANG_WARN_DOCUMENTATION_COMMENTS = YES;
				CLANG_WARN_EMPTY_BODY = YES;
				CLANG_WARN_ENUM_CONVERSION = YES;
				CLANG_WARN_INFINITE_RECURSION = YES;
				CLANG_WARN_INT_CONVERSION = YES;
				CLANG_WARN_NON_LITERAL_NULL_CONVERSION = YES;
				CLANG_WARN_OBJC_IMPLICIT_RETAIN_SELF = YES;
				CLANG_WARN_OBJC_LITERAL_CONVERSION = YES;
				CLANG_WARN_OBJC_ROOT_CLASS = YES_ERROR;
				CLANG_WARN_QUOTED_INCLUDE_IN_FRAMEWORK_HEADER = YES;
				CLANG_WARN_RANGE_LOOP_ANALYSIS = YES;
				CLANG_WARN_STRICT_PROTOTYPES = YES;
				CLANG_WARN_SUSPICIOUS_MOVE = YES;
				CLANG_WARN_UNGUARDED_AVAILABILITY = YES_AGGRESSIVE;
				CLANG_WARN_UNREACHABLE_CODE = YES;
				CLANG_WARN__DUPLICATE_METHOD_MATCH = YES;
				COPY_PHASE_STRIP = NO;
				DEBUG_INFORMATION_FORMAT = "dwarf-with-dsym";
				ENABLE_NS_ASSERTIONS = NO;
				ENABLE_STRICT_OBJC_MSGSEND = YES;
				ENABLE_USER_SCRIPT_SANDBOXING = YES;
				GCC_C_LANGUAGE_STANDARD = gnu17;
				GCC_NO_COMMON_BLOCKS = YES;
				GCC_WARN_64_TO_32_BIT_CONVERSION = YES;
				GCC_WARN_ABOUT_RETURN_TYPE = YES_ERROR;
				GCC_WARN_UNDECLARED_SELECTOR = YES;
				GCC_WARN_UNINITIALIZED_AUTOS = YES_AGGRESSIVE;
				GCC_WARN_UNUSED_FUNCTION = YES;
				GCC_WARN_UNUSED_VARIABLE = YES;
				LOCALIZATION_PREFERS_STRING_CATALOGS = YES;
				MACOSX_DEPLOYMENT_TARGET = 26.2;
				MTL_ENABLE_DEBUG_INFO = NO;
				MTL_FAST_MATH = YES;
				SDKROOT = macosx;
				SWIFT_COMPILATION_MODE = wholemodule;
			};
			name = Release;
		};
		091AB9752F69597C000BDBC3 /* Debug */ = {
			isa = XCBuildConfiguration;
			buildSettings = {
				ASSETCATALOG_COMPILER_APPICON_NAME = AppIcon;
				ASSETCATALOG_COMPILER_GLOBAL_ACCENT_COLOR_NAME = AccentColor;
				CODE_SIGN_STYLE = Automatic;
				COMBINE_HIDPI_IMAGES = YES;
				CURRENT_PROJECT_VERSION = 1;
				ENABLE_APP_SANDBOX = YES;
				ENABLE_HARDENED_RUNTIME = YES;
				ENABLE_OUTGOING_NETWORK_CONNECTIONS = YES;
				ENABLE_USER_SELECTED_FILES = readonly;
				GENERATE_INFOPLIST_FILE = YES;
				INFOPLIST_KEY_CFBundleDisplayName = page2markdown;
				INFOPLIST_KEY_NSHumanReadableCopyright = "";
				INFOPLIST_KEY_NSMainStoryboardFile = Main;
				INFOPLIST_KEY_NSPrincipalClass = NSApplication;
				LD_RUNPATH_SEARCH_PATHS = (
					"$(inherited)",
					"@executable_path/../Frameworks",
				);
				MARKETING_VERSION = 1.0;
				OTHER_LDFLAGS = (
					"-framework",
					SafariServices,
					"-framework",
					WebKit,
				);
				PRODUCT_BUNDLE_IDENTIFIER = uk.uther.page2markdown;
				PRODUCT_NAME = "$(TARGET_NAME)";
				REGISTER_APP_GROUPS = YES;
				STRING_CATALOG_GENERATE_SYMBOLS = YES;
				SWIFT_APPROACHABLE_CONCURRENCY = YES;
				SWIFT_DEFAULT_ACTOR_ISOLATION = MainActor;
				SWIFT_EMIT_LOC_STRINGS = YES;
				SWIFT_UPCOMING_FEATURE_MEMBER_IMPORT_VISIBILITY = YES;
				SWIFT_VERSION = 5.0;
			};
			name = Debug;
		};
		091AB9762F69597C000BDBC3 /* Release */ = {
			isa = XCBuildConfiguration;
			buildSettings = {
				ASSETCATALOG_COMPILER_APPICON_NAME = AppIcon;
				ASSETCATALOG_COMPILER_GLOBAL_ACCENT_COLOR_NAME = AccentColor;
				CODE_SIGN_STYLE = Automatic;
				COMBINE_HIDPI_IMAGES = YES;
				CURRENT_PROJECT_VERSION = 1;
				ENABLE_APP_SANDBOX = YES;
				ENABLE_HARDENED_RUNTIME = YES;
				ENABLE_OUTGOING_NETWORK_CONNECTIONS = YES;
				ENABLE_USER_SELECTED_FILES = readonly;
				GENERATE_INFOPLIST_FILE = YES;
				INFOPLIST_KEY_CFBundleDisplayName = page2markdown;
				INFOPLIST_KEY_NSHumanReadableCopyright = "";
				INFOPLIST_KEY_NSMainStoryboardFile = Main;
				INFOPLIST_KEY_NSPrincipalClass = NSApplication;
				LD_RUNPATH_SEARCH_PATHS = (
					"$(inherited)",
					"@executable_path/../Frameworks",
				);
				MARKETING_VERSION = 1.0;
				OTHER_LDFLAGS = (
					"-framework",
					SafariServices,
					"-framework",
					WebKit,
				);
				PRODUCT_BUNDLE_IDENTIFIER = uk.uther.page2markdown;
				PRODUCT_NAME = "$(TARGET_NAME)";
				REGISTER_APP_GROUPS = YES;
				STRING_CATALOG_GENERATE_SYMBOLS = YES;
				SWIFT_APPROACHABLE_CONCURRENCY = YES;
				SWIFT_DEFAULT_ACTOR_ISOLATION = MainActor;
				SWIFT_EMIT_LOC_STRINGS = YES;
				SWIFT_UPCOMING_FEATURE_MEMBER_IMPORT_VISIBILITY = YES;
				SWIFT_VERSION = 5.0;
			};
			name = Release;
		};
		091AB9782F69597C000BDBC3 /* Debug */ = {
			isa = XCBuildConfiguration;
			buildSettings = {
				BUNDLE_LOADER = "$(TEST_HOST)";
				CODE_SIGN_STYLE = Automatic;
				CURRENT_PROJECT_VERSION = 1;
				GENERATE_INFOPLIST_FILE = YES;
				MACOSX_DEPLOYMENT_TARGET = 26.2;
				MARKETING_VERSION = 1.0;
				PRODUCT_BUNDLE_IDENTIFIER = uk.uther.page2markdownTests;
				PRODUCT_NAME = "$(TARGET_NAME)";
				STRING_CATALOG_GENERATE_SYMBOLS = NO;
				SWIFT_APPROACHABLE_CONCURRENCY = YES;
				SWIFT_EMIT_LOC_STRINGS = NO;
				SWIFT_UPCOMING_FEATURE_MEMBER_IMPORT_VISIBILITY = YES;
				SWIFT_VERSION = 5.0;
				TEST_HOST = "$(BUILT_PRODUCTS_DIR)/page2markdown.app/$(BUNDLE_EXECUTABLE_FOLDER_PATH)/page2markdown";
			};
			name = Debug;
		};
		091AB9792F69597C000BDBC3 /* Release */ = {
			isa = XCBuildConfiguration;
			buildSettings = {
				BUNDLE_LOADER = "$(TEST_HOST)";
				CODE_SIGN_STYLE = Automatic;
				CURRENT_PROJECT_VERSION = 1;
				GENERATE_INFOPLIST_FILE = YES;
				MACOSX_DEPLOYMENT_TARGET = 26.2;
				MARKETING_VERSION = 1.0;
				PRODUCT_BUNDLE_IDENTIFIER = uk.uther.page2markdownTests;
				PRODUCT_NAME = "$(TARGET_NAME)";
				STRING_CATALOG_GENERATE_SYMBOLS = NO;
				SWIFT_APPROACHABLE_CONCURRENCY = YES;
				SWIFT_EMIT_LOC_STRINGS = NO;
				SWIFT_UPCOMING_FEATURE_MEMBER_IMPORT_VISIBILITY = YES;
				SWIFT_VERSION = 5.0;
				TEST_HOST = "$(BUILT_PRODUCTS_DIR)/page2markdown.app/$(BUNDLE_EXECUTABLE_FOLDER_PATH)/page2markdown";
			};
			name = Release;
		};
		091AB97B2F69597C000BDBC3 /* Debug */ = {
			isa = XCBuildConfiguration;
			buildSettings = {
				CODE_SIGN_STYLE = Automatic;
				CURRENT_PROJECT_VERSION = 1;
				GENERATE_INFOPLIST_FILE = YES;
				MARKETING_VERSION = 1.0;
				PRODUCT_BUNDLE_IDENTIFIER = uk.uther.page2markdownUITests;
				PRODUCT_NAME = "$(TARGET_NAME)";
				STRING_CATALOG_GENERATE_SYMBOLS = NO;
				SWIFT_APPROACHABLE_CONCURRENCY = YES;
				SWIFT_EMIT_LOC_STRINGS = NO;
				SWIFT_UPCOMING_FEATURE_MEMBER_IMPORT_VISIBILITY = YES;
				SWIFT_VERSION = 5.0;
				TEST_TARGET_NAME = page2markdown;
			};
			name = Debug;
		};
		091AB97C2F69597C000BDBC3 /* Release */ = {
			isa = XCBuildConfiguration;
			buildSettings = {
				CODE_SIGN_STYLE = Automatic;
				CURRENT_PROJECT_VERSION = 1;
				GENERATE_INFOPLIST_FILE = YES;
				MARKETING_VERSION = 1.0;
				PRODUCT_BUNDLE_IDENTIFIER = uk.uther.page2markdownUITests;
				PRODUCT_NAME = "$(TARGET_NAME)";
				STRING_CATALOG_GENERATE_SYMBOLS = NO;
				SWIFT_APPROACHABLE_CONCURRENCY = YES;
				SWIFT_EMIT_LOC_STRINGS = NO;
				SWIFT_UPCOMING_FEATURE_MEMBER_IMPORT_VISIBILITY = YES;
				SWIFT_VERSION = 5.0;
				TEST_TARGET_NAME = page2markdown;
			};
			name = Release;
		};
/* End XCBuildConfiguration section */

/* Begin XCConfigurationList section */
		091AB91F2F695979000BDBC3 /* Build configuration list for PBXProject "page2markdown" */ = {
			isa = XCConfigurationList;
			buildConfigurations = (
				091AB9712F69597C000BDBC3 /* Debug */,
				091AB9722F69597C000BDBC3 /* Release */,
			);
			defaultConfigurationIsVisible = 0;
			defaultConfigurationName = Release;
		};
		091AB96E2F69597C000BDBC3 /* Build configuration list for PBXNativeTarget "page2markdown Extension" */ = {
			isa = XCConfigurationList;
			buildConfigurations = (
				091AB96F2F69597C000BDBC3 /* Debug */,
				091AB9702F69597C000BDBC3 /* Release */,
			);
			defaultConfigurationIsVisible = 0;
			defaultConfigurationName = Release;
		};
		091AB9742F69597C000BDBC3 /* Build configuration list for PBXNativeTarget "page2markdown" */ = {
			isa = XCConfigurationList;
			buildConfigurations = (
				091AB9752F69597C000BDBC3 /* Debug */,
				091AB9762F69597C000BDBC3 /* Release */,
			);
			defaultConfigurationIsVisible = 0;
			defaultConfigurationName = Release;
		};
		091AB9772F69597C000BDBC3 /* Build configuration list for PBXNativeTarget "page2markdownTests" */ = {
			isa = XCConfigurationList;
			buildConfigurations = (
				091AB9782F69597C000BDBC3 /* Debug */,
				091AB9792F69597C000BDBC3 /* Release */,
			);
			defaultConfigurationIsVisible = 0;
			defaultConfigurationName = Release;
		};
		091AB97A2F69597C000BDBC3 /* Build configuration list for PBXNativeTarget "page2markdownUITests" */ = {
			isa = XCConfigurationList;
			buildConfigurations = (
				091AB97B2F69597C000BDBC3 /* Debug */,
				091AB97C2F69597C000BDBC3 /* Release */,
			);
			defaultConfigurationIsVisible = 0;
			defaultConfigurationName = Release;
		};
/* End XCConfigurationList section */
	};
	rootObject = 091AB91C2F695979000BDBC3 /* Project object */;
}
